{
    "hash": "345b7ce5c64c9ea4ffbcc0f4a24989e4",
    "packages": [
        {
            "name": "symfony/property-access",
            "version": "2.2.x-dev",
            "target-dir": "Symfony/Component/PropertyAccess",
            "source": {
                "type": "git",
                "url": "https://github.com/symfony/PropertyAccess",
                "reference": "v2.2.0-RC1"
            },
            "dist": {
                "type": "zip",
                "url": "https://api.github.com/repos/symfony/PropertyAccess/zipball/v2.2.0-RC1",
                "reference": "v2.2.0-RC1",
                "shasum": ""
            },
            "require": {
                "php": ">=5.3.3"
            },
            "time": "1360009665",
            "type": "library",
            "extra": {
                "branch-alias": {
                    "dev-master": "2.2-dev"
                }
            },
            "installation-source": "source",
            "autoload": {
                "psr-0": {
                    "Symfony\\Component\\PropertyAccess\\": ""
                }
            },
            "license": [
                "MIT"
            ],
            "authors": [
                {
                    "name": "Fabien Potencier",
                    "email": "fabien@symfony.com"
                },
                {
                    "name": "Symfony Community",
                    "homepage": "http://symfony.com/contributors"
                }
            ],
            "description": "Symfony PropertyAccess Component",
            "homepage": "http://symfony.com",
            "keywords": [
                "reflection",
                "array",
                "injection",
                "object",
                "access",
                "extraction",
                "index",
                "property",
                "property path"
            ]
        }
    ],
    "packages-dev": null,
    "aliases": [

    ],
    "minimum-stability": "stable",
    "stability-flags": {
        "symfony/property-access": 20
    }
}
